
Microsoft Visual Studio Solution File, Format Version 12.00
# Visual Studio Version 17
VisualStudioVersion = 17.6.33815.320
MinimumVisualStudioVersion = 10.0.40219.1
Project("{FAE04EC0-301F-11D3-BF4B-00C04F79EFBC}") = "backendC#", "backendC#\backendC#.csproj", "{BCFA5DAB-C51F-40F8-B75C-4B614B64D2AD}"
EndProject
Global
	GlobalSection(SolutionConfigurationPlatforms) = preSolution
		Debug|Any CPU = Debug|Any CPU
		Release|Any CPU = Release|Any CPU
	EndGlobalSection
	GlobalSection(ProjectConfigurationPlatforms) = postSolution
		{BCFA5DAB-C51F-40F8-B75C-4B614B64D2AD}.Debug|Any CPU.ActiveCfg = Debug|Any CPU
		{BCFA5DAB-C51F-40F8-B75C-4B614B64D2AD}.Debug|Any CPU.Build.0 = Debug|Any CPU
		{BCFA5DAB-C51F-40F8-B75C-4B614B64D2AD}.Release|Any CPU.ActiveCfg = Release|Any CPU
		{BCFA5DAB-C51F-40F8-B75C-4B614B64D2AD}.Release|Any CPU.Build.0 = Release|Any CPU
	EndGlobalSection
	GlobalSection(SolutionProperties) = preSolution
		HideSolutionNode = FALSE
	EndGlobalSection
	GlobalSection(ExtensibilityGlobals) = postSolution
		SolutionGuid = {C54EC08B-6C21-4367-BADE-DCD89C24DA7D}
	EndGlobalSection
EndGlobal
